
Microsoft Visual Studio Solution File, Format Version 12.00
# Visual Studio Version 17
VisualStudioVersion = 17.11.35312.102
MinimumVisualStudioVersion = 10.0.40219.1
Project("{FAE04EC0-301F-11D3-BF4B-00C04F79EFBC}") = "CardPicker", "CardPicker\CardPicker.csproj", "{A966BA11-93A8-451C-A4FE-643ED0CA1CCE}"
EndProject
Global
	GlobalSection(SolutionConfigurationPlatforms) = preSolution
		Debug|Any CPU = Debug|Any CPU
		Release|Any CPU = Release|Any CPU
	EndGlobalSection
	GlobalSection(ProjectConfigurationPlatforms) = postSolution
		{A966BA11-93A8-451C-A4FE-643ED0CA1CCE}.Debug|Any CPU.ActiveCfg = Debug|Any CPU
		{A966BA11-93A8-451C-A4FE-643ED0CA1CCE}.Debug|Any CPU.Build.0 = Debug|Any CPU
		{A966BA11-93A8-451C-A4FE-643ED0CA1CCE}.Release|Any CPU.ActiveCfg = Release|Any CPU
		{A966BA11-93A8-451C-A4FE-643ED0CA1CCE}.Release|Any CPU.Build.0 = Release|Any CPU
	EndGlobalSection
	GlobalSection(SolutionProperties) = preSolution
		HideSolutionNode = FALSE
	EndGlobalSection
	GlobalSection(ExtensibilityGlobals) = postSolution
		SolutionGuid = {A26FBF16-94D0-4C25-A20E-5FEC8501910F}
	EndGlobalSection
EndGlobal
